
Microsoft Visual Studio Solution File, Format Version 12.00
# Visual Studio 15
VisualStudioVersion = 15.0.28307.421
MinimumVisualStudioVersion = 10.0.40219.1
Project("{9A19103F-16F7-4668-BE54-9A1E7A4F7556}") = "TriggersTools.SharpUtils", "src\TriggersTools.SharpUtils\TriggersTools.SharpUtils.csproj", "{ED1DD41E-4073-47C5-81D9-BAE333C16BE0}"
EndProject
Global
	GlobalSection(SolutionConfigurationPlatforms) = preSolution
		Debug|Any CPU = Debug|Any CPU
		Release|Any CPU = Release|Any CPU
	EndGlobalSection
	GlobalSection(ProjectConfigurationPlatforms) = postSolution
		{ED1DD41E-4073-47C5-81D9-BAE333C16BE0}.Debug|Any CPU.ActiveCfg = Debug|Any CPU
		{ED1DD41E-4073-47C5-81D9-BAE333C16BE0}.Debug|Any CPU.Build.0 = Debug|Any CPU
		{ED1DD41E-4073-47C5-81D9-BAE333C16BE0}.Release|Any CPU.ActiveCfg = Release|Any CPU
		{ED1DD41E-4073-47C5-81D9-BAE333C16BE0}.Release|Any CPU.Build.0 = Release|Any CPU
	EndGlobalSection
	GlobalSection(SolutionProperties) = preSolution
		HideSolutionNode = FALSE
	EndGlobalSection
	GlobalSection(ExtensibilityGlobals) = postSolution
		SolutionGuid = {02B77FBF-5DE2-4890-8E04-BE75B755A864}
	EndGlobalSection
EndGlobal
